{
    "_readme": [
        "This file locks the dependencies of your project to a known state",
        "Read more about it at https://getcomposer.org/doc/01-basic-usage.md#installing-dependencies",
        "This file is @generated automatically"
    ],
    "content-hash": "fda4c2208913c9c63f9bb0d64145769e",
    "packages": [
        {
            "name": "jean85/pretty-package-versions",
            "version": "2.0.5",
            "source": {
                "type": "git",
                "url": "https://github.com/Jean85/pretty-package-versions.git",
                "reference": "ae547e455a3d8babd07b96966b17d7fd21d9c6af"
            },
            "dist": {
                "type": "zip",
                "url": "https://api.github.com/repos/Jean85/pretty-package-versions/zipball/ae547e455a3d8babd07b96966b17d7fd21d9c6af",
                "reference": "ae547e455a3d8babd07b96966b17d7fd21d9c6af",
                "shasum": ""
            },
            "require": {
                "composer-runtime-api": "^2.0.0",
                "php": "^7.1|^8.0"
            },
            "require-dev": {
                "friendsofphp/php-cs-fixer": "^2.17",
                "jean85/composer-provided-replaced-stub-package": "^1.0",
                "phpstan/phpstan": "^0.12.66",
                "phpunit/phpunit": "^7.5|^8.5|^9.4",
                "vimeo/psalm": "^4.3"
            },
            "type": "library",
            "extra": {
                "branch-alias": {
                    "dev-master": "1.x-dev"
                }
            },
            "autoload": {
                "psr-4": {
                    "Jean85\\": "src/"
                }
            },
            "notification-url": "https://packagist.org/downloads/",
            "license": [
                "MIT"
            ],
            "authors": [
                {
                    "name": "Alessandro Lai",
                    "email": "alessandro.lai85@gmail.com"
                }
            ],
            "description": "A library to get pretty versions strings of installed dependencies",
            "keywords": [
                "composer",
                "package",
                "release",
                "versions"
            ],
            "support": {
                "issues": "https://github.com/Jean85/pretty-package-versions/issues",
                "source": "https://github.com/Jean85/pretty-package-versions/tree/2.0.5"
            },
            "time": "2021-10-08T21:21:46+00:00"
        },
        {
            "name": "mongodb/mongodb",
            "version": "1.17.0",
            "source": {
                "type": "git",
                "url": "https://github.com/mongodb/mongo-php-library.git",
                "reference": "9d9c917cf7ff275ed6bd63c596efeb6e49fd0e53"
            },
            "dist": {
                "type": "zip",
                "url": "https://api.github.com/repos/mongodb/mongo-php-library/zipball/9d9c917cf7ff275ed6bd63c596efeb6e49fd0e53",
                "reference": "9d9c917cf7ff275ed6bd63c596efeb6e49fd0e53",
                "shasum": ""
            },
            "require": {
                "ext-hash": "*",
                "ext-json": "*",
                "ext-mongodb": "^1.17.0",
                "jean85/pretty-package-versions": "^2.0.1",
                "php": "^7.4 || ^8.0",
                "psr/log": "^1.1.4|^2|^3",
                "symfony/polyfill-php80": "^1.27",
                "symfony/polyfill-php81": "^1.27"
            },
            "require-dev": {
                "doctrine/coding-standard": "^12.0",
                "rector/rector": "^0.18",
                "squizlabs/php_codesniffer": "^3.7",
                "symfony/phpunit-bridge": "^5.2",
                "vimeo/psalm": "^5.13"
            },
            "type": "library",
            "extra": {
                "branch-alias": {
                    "dev-master": "1.17.x-dev"
                }
            },
            "autoload": {
                "files": [
                    "src/functions.php"
                ],
                "psr-4": {
                    "MongoDB\\": "src/"
                }
            },
            "notification-url": "https://packagist.org/downloads/",
            "license": [
                "Apache-2.0"
            ],
            "authors": [
                {
                    "name": "Andreas Braun",
                    "email": "andreas.braun@mongodb.com"
                },
                {
                    "name": "Jeremy Mikola",
                    "email": "jmikola@gmail.com"
                },
                {
                    "name": "Jérôme Tamarelle",
                    "email": "jerome.tamarelle@mongodb.com"
                }
            ],
            "description": "MongoDB driver library",
            "homepage": "https://jira.mongodb.org/browse/PHPLIB",
            "keywords": [
                "database",
                "driver",
                "mongodb",
                "persistence"
            ],
            "support": {
                "issues": "https://github.com/mongodb/mongo-php-library/issues",
                "source": "https://github.com/mongodb/mongo-php-library/tree/1.17.0"
            },
            "time": "2023-11-15T09:21:50+00:00"
        },
        {
            "name": "psr/log",
            "version": "3.0.0",
            "source": {
                "type": "git",
                "url": "https://github.com/php-fig/log.git",
                "reference": "fe5ea303b0887d5caefd3d431c3e61ad47037001"
            },
            "dist": {
                "type": "zip",
                "url": "https://api.github.com/repos/php-fig/log/zipball/fe5ea303b0887d5caefd3d431c3e61ad47037001",
                "reference": "fe5ea303b0887d5caefd3d431c3e61ad47037001",
                "shasum": ""
            },
            "require": {
                "php": ">=8.0.0"
            },
            "type": "library",
            "extra": {
                "branch-alias": {
                    "dev-master": "3.x-dev"
                }
            },
            "autoload": {
                "psr-4": {
                    "Psr\\Log\\": "src"
                }
            },
            "notification-url": "https://packagist.org/downloads/",
            "license": [
                "MIT"
            ],
            "authors": [
                {
                    "name": "PHP-FIG",
                    "homepage": "https://www.php-fig.org/"
                }
            ],
            "description": "Common interface for logging libraries",
            "homepage": "https://github.com/php-fig/log",
            "keywords": [
                "log",
                "psr",
                "psr-3"
            ],
            "support": {
                "source": "https://github.com/php-fig/log/tree/3.0.0"
            },
            "time": "2021-07-14T16:46:02+00:00"
        },
        {
            "name": "symfony/polyfill-php80",
            "version": "v1.29.0",
            "source": {
                "type": "git",
                "url": "https://github.com/symfony/polyfill-php80.git",
                "reference": "87b68208d5c1188808dd7839ee1e6c8ec3b02f1b"
            },
            "dist": {
                "type": "zip",
                "url": "https://api.github.com/repos/symfony/polyfill-php80/zipball/87b68208d5c1188808dd7839ee1e6c8ec3b02f1b",
                "reference": "87b68208d5c1188808dd7839ee1e6c8ec3b02f1b",
                "shasum": ""
            },
            "require": {
                "php": ">=7.1"
            },
            "type": "library",
            "extra": {
                "thanks": {
                    "name": "symfony/polyfill",
                    "url": "https://github.com/symfony/polyfill"
                }
            },
            "autoload": {
                "files": [
                    "bootstrap.php"
                ],
                "psr-4": {
                    "Symfony\\Polyfill\\Php80\\": ""
                },
                "classmap": [
                    "Resources/stubs"
                ]
            },
            "notification-url": "https://packagist.org/downloads/",
            "license": [
                "MIT"
            ],
            "authors": [
                {
                    "name": "Ion Bazan",
                    "email": "ion.bazan@gmail.com"
                },
                {
                    "name": "Nicolas Grekas",
                    "email": "p@tchwork.com"
                },
                {
                    "name": "Symfony Community",
                    "homepage": "https://symfony.com/contributors"
                }
            ],
            "description": "Symfony polyfill backporting some PHP 8.0+ features to lower PHP versions",
            "homepage": "https://symfony.com",
            "keywords": [
                "compatibility",
                "polyfill",
                "portable",
                "shim"
            ],
            "support": {
                "source": "https://github.com/symfony/polyfill-php80/tree/v1.29.0"
            },
            "funding": [
                {
                    "url": "https://symfony.com/sponsor",
                    "type": "custom"
                },
                {
                    "url": "https://github.com/fabpot",
                    "type": "github"
                },
                {
                    "url": "https://tidelift.com/funding/github/packagist/symfony/symfony",
                    "type": "tidelift"
                }
            ],
            "time": "2024-01-29T20:11:03+00:00"
        },
        {
            "name": "symfony/polyfill-php81",
            "version": "v1.29.0",
            "source": {
                "type": "git",
                "url": "https://github.com/symfony/polyfill-php81.git",
                "reference": "c565ad1e63f30e7477fc40738343c62b40bc672d"
            },
            "dist": {
                "type": "zip",
                "url": "https://api.github.com/repos/symfony/polyfill-php81/zipball/c565ad1e63f30e7477fc40738343c62b40bc672d",
                "reference": "c565ad1e63f30e7477fc40738343c62b40bc672d",
                "shasum": ""
            },
            "require": {
                "php": ">=7.1"
            },
            "type": "library",
            "extra": {
                "thanks": {
                    "name": "symfony/polyfill",
                    "url": "https://github.com/symfony/polyfill"
                }
            },
            "autoload": {
                "files": [
                    "bootstrap.php"
                ],
                "psr-4": {
                    "Symfony\\Polyfill\\Php81\\": ""
                },
                "classmap": [
                    "Resources/stubs"
                ]
            },
            "notification-url": "https://packagist.org/downloads/",
            "license": [
                "MIT"
            ],
            "authors": [
                {
                    "name": "Nicolas Grekas",
                    "email": "p@tchwork.com"
                },
                {
                    "name": "Symfony Community",
                    "homepage": "https://symfony.com/contributors"
                }
            ],
            "description": "Symfony polyfill backporting some PHP 8.1+ features to lower PHP versions",
            "homepage": "https://symfony.com",
            "keywords": [
                "compatibility",
                "polyfill",
                "portable",
                "shim"
            ],
            "support": {
                "source": "https://github.com/symfony/polyfill-php81/tree/v1.29.0"
            },
            "funding": [
                {
                    "url": "https://symfony.com/sponsor",
                    "type": "custom"
                },
                {
                    "url": "https://github.com/fabpot",
                    "type": "github"
                },
                {
                    "url": "https://tidelift.com/funding/github/packagist/symfony/symfony",
                    "type": "tidelift"
                }
            ],
            "time": "2024-01-29T20:11:03+00:00"
        },
        {
            "name": "zetacomponents/base",
            "version": "1.9.4",
            "source": {
                "type": "git",
                "url": "https://github.com/zetacomponents/Base.git",
                "reference": "b6ae5f6177f6e51c5fc3514800e1c3fb076ec4be"
            },
            "dist": {
                "type": "zip",
                "url": "https://api.github.com/repos/zetacomponents/Base/zipball/b6ae5f6177f6e51c5fc3514800e1c3fb076ec4be",
                "reference": "b6ae5f6177f6e51c5fc3514800e1c3fb076ec4be",
                "shasum": ""
            },
            "require-dev": {
                "phpunit/php-invoker": "^2.0|^3.1",
                "phpunit/phpunit": "~9.0",
                "zetacomponents/coding-standard": "dev-main",
                "zetacomponents/unit-test": "~1.2.3"
            },
            "type": "library",
            "autoload": {
                "classmap": [
                    "src"
                ]
            },
            "notification-url": "https://packagist.org/downloads/",
            "license": [
                "Apache-2.0"
            ],
            "authors": [
                {
                    "name": "Sergey Alexeev"
                },
                {
                    "name": "Sebastian Bergmann"
                },
                {
                    "name": "Jan Borsodi"
                },
                {
                    "name": "Raymond Bosman"
                },
                {
                    "name": "Frederik Holljen"
                },
                {
                    "name": "Kore Nordmann"
                },
                {
                    "name": "Derick Rethans"
                },
                {
                    "name": "Vadym Savchuk"
                },
                {
                    "name": "Tobias Schlitt"
                },
                {
                    "name": "Alexandru Stanoi"
                }
            ],
            "description": "The Base package provides the basic infrastructure that all packages rely on. Therefore every component relies on this package.",
            "homepage": "https://github.com/zetacomponents",
            "support": {
                "issues": "https://github.com/zetacomponents/Base/issues",
                "source": "https://github.com/zetacomponents/Base/tree/1.9.4"
            },
            "time": "2022-11-30T16:16:25+00:00"
        },
        {
            "name": "zetacomponents/template",
            "version": "1.5.3",
            "source": {
                "type": "git",
                "url": "https://github.com/zetacomponents/Template.git",
                "reference": "d5446832e56f4ffa52a98daadd02daeb164d1788"
            },
            "dist": {
                "type": "zip",
                "url": "https://api.github.com/repos/zetacomponents/Template/zipball/d5446832e56f4ffa52a98daadd02daeb164d1788",
                "reference": "d5446832e56f4ffa52a98daadd02daeb164d1788",
                "shasum": ""
            },
            "require": {
                "zetacomponents/base": "~1.8"
            },
            "require-dev": {
                "phpunit/phpunit": "^9.0",
                "squizlabs/php_codesniffer": "3.*",
                "zetacomponents/database": "*",
                "zetacomponents/template-translation-tiein": "^1.2",
                "zetacomponents/translation": "*",
                "zetacomponents/unit-test": "^1.2"
            },
            "type": "library",
            "extra": {
                "branch-alias": {
                    "dev-master": "1.x-dev"
                }
            },
            "autoload": {
                "classmap": [
                    "src"
                ]
            },
            "notification-url": "https://packagist.org/downloads/",
            "license": [
                "Apache-2.0"
            ],
            "authors": [
                {
                    "name": "Sergey Alexeev"
                },
                {
                    "name": "Sebastian Bergmann"
                },
                {
                    "name": "Jan Borsodi"
                },
                {
                    "name": "Raymond Bosman"
                },
                {
                    "name": "Frederik Holljen"
                },
                {
                    "name": "Kore Nordmann"
                },
                {
                    "name": "Derick Rethans"
                },
                {
                    "name": "Vadym Savchuk"
                },
                {
                    "name": "Tobias Schlitt"
                },
                {
                    "name": "Alexandru Stanoi"
                }
            ],
            "description": "A fully functional Templating system, supporting template compilation in different levels, user defined functions and operators, an optimizer, output escaping for different output handlers to prevent XSS and other security problems and a plug in system for extra functionality (such as a Translation system).",
            "homepage": "https://github.com/zetacomponents",
            "support": {
                "issues": "https://github.com/zetacomponents/Template/issues",
                "source": "https://github.com/zetacomponents/Template/tree/1.5.3"
            },
            "time": "2023-02-19T00:06:27+00:00"
        }
    ],
    "packages-dev": [],
    "aliases": [],
    "minimum-stability": "stable",
    "stability-flags": [],
    "prefer-stable": false,
    "prefer-lowest": false,
    "platform": [],
    "platform-dev": [],
    "plugin-api-version": "2.3.0"
}
